
Microsoft Visual Studio Solution File, Format Version 12.00
# Visual Studio 14
VisualStudioVersion = 14.0.25420.1
MinimumVisualStudioVersion = 10.0.40219.1
Project("{FAE04EC0-301F-11D3-BF4B-00C04F79EFBC}") = "Acr.Utilities", "Acr.Utilities\Acr.Utilities.csproj", "{00A93A15-E0B8-44FB-B73B-86B207A8E86E}"
EndProject
Project("{2150E333-8FDC-42A3-9474-1A3956D46DE8}") = "Solution Items", "Solution Items", "{4FCDC688-C033-42C8-8640-E2D8C6945C3D}"
	ProjectSection(SolutionItems) = preProject
		nuspec\Acr.Utilities.nuspec = nuspec\Acr.Utilities.nuspec
		LICENSE.md = LICENSE.md
		nuspec\nuget.exe = nuspec\nuget.exe
		nuspec\pack.cmd = nuspec\pack.cmd
		nuspec\push.cmd = nuspec\push.cmd
		README.md = README.md
	EndProjectSection
EndProject
Project("{FAE04EC0-301F-11D3-BF4B-00C04F79EFBC}") = "Acr.Utilities.Tests", "Acr.Utilities.Tests\Acr.Utilities.Tests.csproj", "{F0E6554F-1459-43FB-875F-37D14F7623EA}"
EndProject
Project("{FAE04EC0-301F-11D3-BF4B-00C04F79EFBC}") = "Acr.Utilities.Android", "Acr.Utilities.Android\Acr.Utilities.Android.csproj", "{58BB28E8-35D6-4107-BDB3-86744B958F18}"
EndProject
Project("{FAE04EC0-301F-11D3-BF4B-00C04F79EFBC}") = "Xamarin.Plugins.Geolocator.Extensions", "Xamarin.Plugins.Geolocator.Extensions\Xamarin.Plugins.Geolocator.Extensions.csproj", "{23C8A8F3-F591-4D26-89BA-0B9CA66A7C75}"
EndProject
Project("{FAE04EC0-301F-11D3-BF4B-00C04F79EFBC}") = "Acr.Utilities.iOS", "Acr.Utilities.iOS\Acr.Utilities.iOS.csproj", "{5125916E-C002-400E-81BC-BE63E04734DA}"
EndProject
Global
	GlobalSection(SolutionConfigurationPlatforms) = preSolution
		Debug|Any CPU = Debug|Any CPU
		Release|Any CPU = Release|Any CPU
	EndGlobalSection
	GlobalSection(ProjectConfigurationPlatforms) = postSolution
		{00A93A15-E0B8-44FB-B73B-86B207A8E86E}.Debug|Any CPU.ActiveCfg = Debug|Any CPU
		{00A93A15-E0B8-44FB-B73B-86B207A8E86E}.Debug|Any CPU.Build.0 = Debug|Any CPU
		{00A93A15-E0B8-44FB-B73B-86B207A8E86E}.Release|Any CPU.ActiveCfg = Release|Any CPU
		{00A93A15-E0B8-44FB-B73B-86B207A8E86E}.Release|Any CPU.Build.0 = Release|Any CPU
		{F0E6554F-1459-43FB-875F-37D14F7623EA}.Debug|Any CPU.ActiveCfg = Debug|Any CPU
		{F0E6554F-1459-43FB-875F-37D14F7623EA}.Debug|Any CPU.Build.0 = Debug|Any CPU
		{F0E6554F-1459-43FB-875F-37D14F7623EA}.Release|Any CPU.ActiveCfg = Release|Any CPU
		{F0E6554F-1459-43FB-875F-37D14F7623EA}.Release|Any CPU.Build.0 = Release|Any CPU
		{58BB28E8-35D6-4107-BDB3-86744B958F18}.Debug|Any CPU.ActiveCfg = Debug|Any CPU
		{58BB28E8-35D6-4107-BDB3-86744B958F18}.Debug|Any CPU.Build.0 = Debug|Any CPU
		{58BB28E8-35D6-4107-BDB3-86744B958F18}.Release|Any CPU.ActiveCfg = Release|Any CPU
		{58BB28E8-35D6-4107-BDB3-86744B958F18}.Release|Any CPU.Build.0 = Release|Any CPU
		{23C8A8F3-F591-4D26-89BA-0B9CA66A7C75}.Debug|Any CPU.ActiveCfg = Debug|Any CPU
		{23C8A8F3-F591-4D26-89BA-0B9CA66A7C75}.Debug|Any CPU.Build.0 = Debug|Any CPU
		{23C8A8F3-F591-4D26-89BA-0B9CA66A7C75}.Release|Any CPU.ActiveCfg = Release|Any CPU
		{23C8A8F3-F591-4D26-89BA-0B9CA66A7C75}.Release|Any CPU.Build.0 = Release|Any CPU
		{5125916E-C002-400E-81BC-BE63E04734DA}.Debug|Any CPU.ActiveCfg = Debug|Any CPU
		{5125916E-C002-400E-81BC-BE63E04734DA}.Debug|Any CPU.Build.0 = Debug|Any CPU
		{5125916E-C002-400E-81BC-BE63E04734DA}.Release|Any CPU.ActiveCfg = Release|Any CPU
		{5125916E-C002-400E-81BC-BE63E04734DA}.Release|Any CPU.Build.0 = Release|Any CPU
	EndGlobalSection
	GlobalSection(SolutionProperties) = preSolution
		HideSolutionNode = FALSE
	EndGlobalSection
EndGlobal
